
Microsoft Visual Studio Solution File, Format Version 12.00
# Visual Studio Version 16
VisualStudioVersion = 16.0.29409.12
MinimumVisualStudioVersion = 10.0.40219.1
Project("{FAE04EC0-301F-11D3-BF4B-00C04F79EFBC}") = "CadFiler.UI", "CadFiler.UI\CadFiler.UI.csproj", "{7062E635-0421-4A53-9786-3740DCBD5345}"
EndProject
Project("{FAE04EC0-301F-11D3-BF4B-00C04F79EFBC}") = "CadFilerTest.Tests", "CadFilerTest.Tests\CadFilerTest.Tests.csproj", "{CDBCBD2E-35D1-46F7-AF5D-EB83F965156F}"
EndProject
Project("{FAE04EC0-301F-11D3-BF4B-00C04F79EFBC}") = "CadFile.Domain", "CadFile.Domain\CadFile.Domain.csproj", "{66A21C6A-7F30-4318-95AB-D60558577F74}"
EndProject
Project("{FAE04EC0-301F-11D3-BF4B-00C04F79EFBC}") = "CadFiler.Infrastructure", "CadFiler.Infrastructure\CadFiler.Infrastructure.csproj", "{89991B72-842B-4B3B-9FBF-CCFF045BE3E1}"
EndProject
Global
	GlobalSection(SolutionConfigurationPlatforms) = preSolution
		Debug|Any CPU = Debug|Any CPU
		Release|Any CPU = Release|Any CPU
	EndGlobalSection
	GlobalSection(ProjectConfigurationPlatforms) = postSolution
		{7062E635-0421-4A53-9786-3740DCBD5345}.Debug|Any CPU.ActiveCfg = Debug|Any CPU
		{7062E635-0421-4A53-9786-3740DCBD5345}.Debug|Any CPU.Build.0 = Debug|Any CPU
		{7062E635-0421-4A53-9786-3740DCBD5345}.Release|Any CPU.ActiveCfg = Release|Any CPU
		{7062E635-0421-4A53-9786-3740DCBD5345}.Release|Any CPU.Build.0 = Release|Any CPU
		{CDBCBD2E-35D1-46F7-AF5D-EB83F965156F}.Debug|Any CPU.ActiveCfg = Debug|Any CPU
		{CDBCBD2E-35D1-46F7-AF5D-EB83F965156F}.Debug|Any CPU.Build.0 = Debug|Any CPU
		{CDBCBD2E-35D1-46F7-AF5D-EB83F965156F}.Release|Any CPU.ActiveCfg = Release|Any CPU
		{CDBCBD2E-35D1-46F7-AF5D-EB83F965156F}.Release|Any CPU.Build.0 = Release|Any CPU
		{66A21C6A-7F30-4318-95AB-D60558577F74}.Debug|Any CPU.ActiveCfg = Debug|Any CPU
		{66A21C6A-7F30-4318-95AB-D60558577F74}.Debug|Any CPU.Build.0 = Debug|Any CPU
		{66A21C6A-7F30-4318-95AB-D60558577F74}.Release|Any CPU.ActiveCfg = Release|Any CPU
		{66A21C6A-7F30-4318-95AB-D60558577F74}.Release|Any CPU.Build.0 = Release|Any CPU
		{89991B72-842B-4B3B-9FBF-CCFF045BE3E1}.Debug|Any CPU.ActiveCfg = Debug|Any CPU
		{89991B72-842B-4B3B-9FBF-CCFF045BE3E1}.Debug|Any CPU.Build.0 = Debug|Any CPU
		{89991B72-842B-4B3B-9FBF-CCFF045BE3E1}.Release|Any CPU.ActiveCfg = Release|Any CPU
		{89991B72-842B-4B3B-9FBF-CCFF045BE3E1}.Release|Any CPU.Build.0 = Release|Any CPU
	EndGlobalSection
	GlobalSection(SolutionProperties) = preSolution
		HideSolutionNode = FALSE
	EndGlobalSection
	GlobalSection(ExtensibilityGlobals) = postSolution
		SolutionGuid = {22360364-9B83-41B1-BC11-CAA6EB5E2F13}
	EndGlobalSection
EndGlobal
